
Microsoft Visual Studio Solution File, Format Version 12.00
# Visual Studio Version 17
VisualStudioVersion = 17.8.34408.163
MinimumVisualStudioVersion = 10.0.40219.1
Project("{FAE04EC0-301F-11D3-BF4B-00C04F79EFBC}") = "DiskMemCache", "DiskMemCache.csproj", "{21A04710-D85A-4CF5-AD28-9BC0111D124C}"
EndProject
Global
	GlobalSection(SolutionConfigurationPlatforms) = preSolution
		Debug|Any CPU = Debug|Any CPU
		Release|Any CPU = Release|Any CPU
	EndGlobalSection
	GlobalSection(ProjectConfigurationPlatforms) = postSolution
		{21A04710-D85A-4CF5-AD28-9BC0111D124C}.Debug|Any CPU.ActiveCfg = Debug|Any CPU
		{21A04710-D85A-4CF5-AD28-9BC0111D124C}.Debug|Any CPU.Build.0 = Debug|Any CPU
		{21A04710-D85A-4CF5-AD28-9BC0111D124C}.Release|Any CPU.ActiveCfg = Release|Any CPU
		{21A04710-D85A-4CF5-AD28-9BC0111D124C}.Release|Any CPU.Build.0 = Release|Any CPU
	EndGlobalSection
	GlobalSection(SolutionProperties) = preSolution
		HideSolutionNode = FALSE
	EndGlobalSection
	GlobalSection(ExtensibilityGlobals) = postSolution
		SolutionGuid = {01BF31A0-5063-482B-9B00-27660C8BBE37}
	EndGlobalSection
EndGlobal
